# THIS IS AN AUTOGENERATED FILE. DO NOT EDIT THIS FILE DIRECTLY.
# yarn lockfile v1


"@types/node@^12.12.9":
  version "12.12.9"
  resolved "https://registry.yarnpkg.com/@types/node/-/node-12.12.9.tgz#0b5ae05516b757cbff2e82c04500190aef986c7b"
  integrity sha512-kV3w4KeLsRBW+O2rKhktBwENNJuqAUQHS3kf4ia2wIaF/MN6U7ANgTsx7tGremcA0Pk3Yh0Hl0iKiLPuBdIgmw==

"@types/subtitle@^2.0.2":
  version "2.0.2"
  resolved "https://registry.yarnpkg.com/@types/subtitle/-/subtitle-2.0.2.tgz#4df70f2a7db3df55c6e692ebce8b240dc4c862bd"
  integrity sha512-qmQUnwQ9+WQA/3RyzAFZ6ZUaO9g6iTUb6aW+4B1KSr5rhLsY+B1z/8CHOFND91R5pbEISuJPFoFXvPwu9eLNvw==

subtitle@^2.0.3:
  version "2.0.3"
  resolved "https://registry.yarnpkg.com/subtitle/-/subtitle-2.0.3.tgz#1fed16180273e60dc4be320ecc8ec2f90a51a28d"
  integrity sha512-NAQVYcWOGky/zEv37EGaTk6VK3WmD3m9JGILLcoh2YTAnXTcVhvNilAWPcqVKtWhmi3zYOBLSGa+3ufetLFrsA==
  dependencies:
    zero-fill "^2.2.3"

zero-fill@^2.2.3:
  version "2.2.3"
  resolved "https://registry.yarnpkg.com/zero-fill/-/zero-fill-2.2.3.tgz#a3def06ba5e39ae644850bb4ca2ad4112b4855e9"
  integrity sha1-o97wa6XjmuZEhQu0yirUEStIVek=
